
Microsoft Visual Studio Solution File, Format Version 12.00
# Visual Studio Version 16
VisualStudioVersion = 16.0.31702.278
MinimumVisualStudioVersion = 10.0.40219.1
Project("{9A19103F-16F7-4668-BE54-9A1E7A4F7556}") = "ObjectOrientedProblems", "ObjectOrientedProblems.csproj", "{CBBDC465-4730-485D-92A8-6073E2B63F6B}"
EndProject
Global
	GlobalSection(SolutionConfigurationPlatforms) = preSolution
		Debug|Any CPU = Debug|Any CPU
		Release|Any CPU = Release|Any CPU
	EndGlobalSection
	GlobalSection(ProjectConfigurationPlatforms) = postSolution
		{CBBDC465-4730-485D-92A8-6073E2B63F6B}.Debug|Any CPU.ActiveCfg = Debug|Any CPU
		{CBBDC465-4730-485D-92A8-6073E2B63F6B}.Debug|Any CPU.Build.0 = Debug|Any CPU
		{CBBDC465-4730-485D-92A8-6073E2B63F6B}.Release|Any CPU.ActiveCfg = Release|Any CPU
		{CBBDC465-4730-485D-92A8-6073E2B63F6B}.Release|Any CPU.Build.0 = Release|Any CPU
	EndGlobalSection
	GlobalSection(SolutionProperties) = preSolution
		HideSolutionNode = FALSE
	EndGlobalSection
	GlobalSection(ExtensibilityGlobals) = postSolution
		SolutionGuid = {14102876-C43F-41B0-A76C-BD18CAE08518}
	EndGlobalSection
EndGlobal
